// !$*UTF8*$!
{
	archiveVersion = 1;
	classes = {
	};
	objectVersion = 50;
	objects = {

/* Begin PBXBuildFile section */
		E9606577226C937C00AE2FBB /* AddMealDelegate.swift in Sources */ = {isa = PBXBuildFile; fileRef = E9606576226C937C00AE2FBB /* AddMealDelegate.swift */; };
		E960657A226CB8B400AE2FBB /* ItemViewController.swift in Sources */ = {isa = PBXBuildFile; fileRef = E9606578226CB8B400AE2FBB /* ItemViewController.swift */; };
		E960657B226CB8B400AE2FBB /* ItemViewController.xib in Resources */ = {isa = PBXBuildFile; fileRef = E9606579226CB8B400AE2FBB /* ItemViewController.xib */; };
		E960657D226CDAE300AE2FBB /* AddAnItemDelegate.swift in Sources */ = {isa = PBXBuildFile; fileRef = E960657C226CDAE300AE2FBB /* AddAnItemDelegate.swift */; };
		E97ACD1B226FD6000061ABA2 /* Alert.swift in Sources */ = {isa = PBXBuildFile; fileRef = E97ACD1A226FD6000061ABA2 /* Alert.swift */; };
		E9BBF0E2226BBE21005BA383 /* MealsTableViewController.swift in Sources */ = {isa = PBXBuildFile; fileRef = E9BBF0E1226BBE21005BA383 /* MealsTableViewController.swift */; };
		E9D9D442226567230014CB95 /* AppDelegate.swift in Sources */ = {isa = PBXBuildFile; fileRef = E9D9D441226567230014CB95 /* AppDelegate.swift */; };
		E9D9D444226567230014CB95 /* ViewController.swift in Sources */ = {isa = PBXBuildFile; fileRef = E9D9D443226567230014CB95 /* ViewController.swift */; };
		E9D9D447226567230014CB95 /* Main.storyboard in Resources */ = {isa = PBXBuildFile; fileRef = E9D9D445226567230014CB95 /* Main.storyboard */; };
		E9D9D449226567240014CB95 /* Assets.xcassets in Resources */ = {isa = PBXBuildFile; fileRef = E9D9D448226567240014CB95 /* Assets.xcassets */; };
		E9D9D44C226567240014CB95 /* LaunchScreen.storyboard in Resources */ = {isa = PBXBuildFile; fileRef = E9D9D44A226567240014CB95 /* LaunchScreen.storyboard */; };
		E9D9D457226567250014CB95 /* eggplant_brownieTests.swift in Sources */ = {isa = PBXBuildFile; fileRef = E9D9D456226567250014CB95 /* eggplant_brownieTests.swift */; };
		E9D9D462226567250014CB95 /* eggplant_brownieUITests.swift in Sources */ = {isa = PBXBuildFile; fileRef = E9D9D461226567250014CB95 /* eggplant_brownieUITests.swift */; };
		E9E81EC3226A7EDE00EDDD74 /* Meal.swift in Sources */ = {isa = PBXBuildFile; fileRef = E9E81EC2226A7EDE00EDDD74 /* Meal.swift */; };
		E9E81EC5226A7F7800EDDD74 /* Item.swift in Sources */ = {isa = PBXBuildFile; fileRef = E9E81EC4226A7F7800EDDD74 /* Item.swift */; };
/* End PBXBuildFile section */

/* Begin PBXContainerItemProxy section */
		E9D9D453226567250014CB95 /* PBXContainerItemProxy */ = {
			isa = PBXContainerItemProxy;
			containerPortal = E9D9D436226567230014CB95 /* Project object */;
			proxyType = 1;
			remoteGlobalIDString = E9D9D43D226567230014CB95;
			remoteInfo = "eggplant-brownie";
		};
		E9D9D45E226567250014CB95 /* PBXContainerItemProxy */ = {
			isa = PBXContainerItemProxy;
			containerPortal = E9D9D436226567230014CB95 /* Project object */;
			proxyType = 1;
			remoteGlobalIDString = E9D9D43D226567230014CB95;
			remoteInfo = "eggplant-brownie";
		};
/* End PBXContainerItemProxy section */

/* Begin PBXFileReference section */
		E9606576226C937C00AE2FBB /* AddMealDelegate.swift */ = {isa = PBXFileReference; lastKnownFileType = sourcecode.swift; path = AddMealDelegate.swift; sourceTree = "<group>"; };
		E9606578226CB8B400AE2FBB /* ItemViewController.swift */ = {isa = PBXFileReference; lastKnownFileType = sourcecode.swift; path = ItemViewController.swift; sourceTree = "<group>"; };
		E9606579226CB8B400AE2FBB /* ItemViewController.xib */ = {isa = PBXFileReference; lastKnownFileType = file.xib; path = ItemViewController.xib; sourceTree = "<group>"; };
		E960657C226CDAE300AE2FBB /* AddAnItemDelegate.swift */ = {isa = PBXFileReference; lastKnownFileType = sourcecode.swift; path = AddAnItemDelegate.swift; sourceTree = "<group>"; };
		E97ACD1A226FD6000061ABA2 /* Alert.swift */ = {isa = PBXFileReference; lastKnownFileType = sourcecode.swift; path = Alert.swift; sourceTree = "<group>"; };
		E9BBF0E1226BBE21005BA383 /* MealsTableViewController.swift */ = {isa = PBXFileReference; lastKnownFileType = sourcecode.swift; path = MealsTableViewController.swift; sourceTree = "<group>"; };
		E9D9D43E226567230014CB95 /* eggplant-brownie.app */ = {isa = PBXFileReference; explicitFileType = wrapper.application; includeInIndex = 0; path = "eggplant-brownie.app"; sourceTree = BUILT_PRODUCTS_DIR; };
		E9D9D441226567230014CB95 /* AppDelegate.swift */ = {isa = PBXFileReference; lastKnownFileType = sourcecode.swift; path = AppDelegate.swift; sourceTree = "<group>"; };
		E9D9D443226567230014CB95 /* ViewController.swift */ = {isa = PBXFileReference; lastKnownFileType = sourcecode.swift; path = ViewController.swift; sourceTree = "<group>"; };
		E9D9D446226567230014CB95 /* Base */ = {isa = PBXFileReference; lastKnownFileType = file.storyboard; name = Base; path = Base.lproj/Main.storyboard; sourceTree = "<group>"; };
		E9D9D448226567240014CB95 /* Assets.xcassets */ = {isa = PBXFileReference; lastKnownFileType = folder.assetcatalog; path = Assets.xcassets; sourceTree = "<group>"; };
		E9D9D44B226567240014CB95 /* Base */ = {isa = PBXFileReference; lastKnownFileType = file.storyboard; name = Base; path = Base.lproj/LaunchScreen.storyboard; sourceTree = "<group>"; };
		E9D9D44D226567240014CB95 /* Info.plist */ = {isa = PBXFileReference; lastKnownFileType = text.plist.xml; path = Info.plist; sourceTree = "<group>"; };
		E9D9D452226567250014CB95 /* eggplant-brownieTests.xctest */ = {isa = PBXFileReference; explicitFileType = wrapper.cfbundle; includeInIndex = 0; path = "eggplant-brownieTests.xctest"; sourceTree = BUILT_PRODUCTS_DIR; };
		E9D9D456226567250014CB95 /* eggplant_brownieTests.swift */ = {isa = PBXFileReference; lastKnownFileType = sourcecode.swift; path = eggplant_brownieTests.swift; sourceTree = "<group>"; };
		E9D9D458226567250014CB95 /* Info.plist */ = {isa = PBXFileReference; lastKnownFileType = text.plist.xml; path = Info.plist; sourceTree = "<group>"; };
		E9D9D45D226567250014CB95 /* eggplant-brownieUITests.xctest */ = {isa = PBXFileReference; explicitFileType = wrapper.cfbundle; includeInIndex = 0; path = "eggplant-brownieUITests.xctest"; sourceTree = BUILT_PRODUCTS_DIR; };
		E9D9D461226567250014CB95 /* eggplant_brownieUITests.swift */ = {isa = PBXFileReference; lastKnownFileType = sourcecode.swift; path = eggplant_brownieUITests.swift; sourceTree = "<group>"; };
		E9D9D463226567250014CB95 /* Info.plist */ = {isa = PBXFileReference; lastKnownFileType = text.plist.xml; path = Info.plist; sourceTree = "<group>"; };
		E9E81EC2226A7EDE00EDDD74 /* Meal.swift */ = {isa = PBXFileReference; lastKnownFileType = sourcecode.swift; path = Meal.swift; sourceTree = "<group>"; };
		E9E81EC4226A7F7800EDDD74 /* Item.swift */ = {isa = PBXFileReference; lastKnownFileType = sourcecode.swift; path = Item.swift; sourceTree = "<group>"; };
/* End PBXFileReference section */

/* Begin PBXFrameworksBuildPhase section */
		E9D9D43B226567230014CB95 /* Frameworks */ = {
			isa = PBXFrameworksBuildPhase;
			buildActionMask = 2147483647;
			files = (
			);
			runOnlyForDeploymentPostprocessing = 0;
		};
		E9D9D44F226567250014CB95 /* Frameworks */ = {
			isa = PBXFrameworksBuildPhase;
			buildActionMask = 2147483647;
			files = (
			);
			runOnlyForDeploymentPostprocessing = 0;
		};
		E9D9D45A226567250014CB95 /* Frameworks */ = {
			isa = PBXFrameworksBuildPhase;
			buildActionMask = 2147483647;
			files = (
			);
			runOnlyForDeploymentPostprocessing = 0;
		};
/* End PBXFrameworksBuildPhase section */

/* Begin PBXGroup section */
		E9606575226C935800AE2FBB /* protocols */ = {
			isa = PBXGroup;
			children = (
				E9606576226C937C00AE2FBB /* AddMealDelegate.swift */,
				E960657C226CDAE300AE2FBB /* AddAnItemDelegate.swift */,
			);
			path = protocols;
			sourceTree = "<group>";
		};
		E9D9D435226567230014CB95 = {
			isa = PBXGroup;
			children = (
				E9D9D440226567230014CB95 /* eggplant-brownie */,
				E9D9D455226567250014CB95 /* eggplant-brownieTests */,
				E9D9D460226567250014CB95 /* eggplant-brownieUITests */,
				E9D9D43F226567230014CB95 /* Products */,
			);
			sourceTree = "<group>";
		};
		E9D9D43F226567230014CB95 /* Products */ = {
			isa = PBXGroup;
			children = (
				E9D9D43E226567230014CB95 /* eggplant-brownie.app */,
				E9D9D452226567250014CB95 /* eggplant-brownieTests.xctest */,
				E9D9D45D226567250014CB95 /* eggplant-brownieUITests.xctest */,
			);
			name = Products;
			sourceTree = "<group>";
		};
		E9D9D440226567230014CB95 /* eggplant-brownie */ = {
			isa = PBXGroup;
			children = (
				E9606575226C935800AE2FBB /* protocols */,
				E9E81EC1226A7BA400EDDD74 /* viewcontrolles */,
				E9E81EC0226A7AD600EDDD74 /* views */,
				E9E81EBF226A7AC000EDDD74 /* models */,
				E9D9D441226567230014CB95 /* AppDelegate.swift */,
				E9D9D448226567240014CB95 /* Assets.xcassets */,
				E9D9D44A226567240014CB95 /* LaunchScreen.storyboard */,
				E9D9D44D226567240014CB95 /* Info.plist */,
			);
			path = "eggplant-brownie";
			sourceTree = "<group>";
		};
		E9D9D455226567250014CB95 /* eggplant-brownieTests */ = {
			isa = PBXGroup;
			children = (
				E9D9D456226567250014CB95 /* eggplant_brownieTests.swift */,
				E9D9D458226567250014CB95 /* Info.plist */,
			);
			path = "eggplant-brownieTests";
			sourceTree = "<group>";
		};
		E9D9D460226567250014CB95 /* eggplant-brownieUITests */ = {
			isa = PBXGroup;
			children = (
				E9D9D461226567250014CB95 /* eggplant_brownieUITests.swift */,
				E9D9D463226567250014CB95 /* Info.plist */,
			);
			path = "eggplant-brownieUITests";
			sourceTree = "<group>";
		};
		E9E81EBF226A7AC000EDDD74 /* models */ = {
			isa = PBXGroup;
			children = (
				E9E81EC2226A7EDE00EDDD74 /* Meal.swift */,
				E9E81EC4226A7F7800EDDD74 /* Item.swift */,
			);
			path = models;
			sourceTree = "<group>";
		};
		E9E81EC0226A7AD600EDDD74 /* views */ = {
			isa = PBXGroup;
			children = (
				E9D9D445226567230014CB95 /* Main.storyboard */,
				E9606579226CB8B400AE2FBB /* ItemViewController.xib */,
				E97ACD1A226FD6000061ABA2 /* Alert.swift */,
			);
			path = views;
			sourceTree = "<group>";
		};
		E9E81EC1226A7BA400EDDD74 /* viewcontrolles */ = {
			isa = PBXGroup;
			children = (
				E9606578226CB8B400AE2FBB /* ItemViewController.swift */,
				E9D9D443226567230014CB95 /* ViewController.swift */,
				E9BBF0E1226BBE21005BA383 /* MealsTableViewController.swift */,
			);
			path = viewcontrolles;
			sourceTree = "<group>";
		};
/* End PBXGroup section */

/* Begin PBXNativeTarget section */
		E9D9D43D226567230014CB95 /* eggplant-brownie */ = {
			isa = PBXNativeTarget;
			buildConfigurationList = E9D9D466226567250014CB95 /* Build configuration list for PBXNativeTarget "eggplant-brownie" */;
			buildPhases = (
				E9D9D43A226567230014CB95 /* Sources */,
				E9D9D43B226567230014CB95 /* Frameworks */,
				E9D9D43C226567230014CB95 /* Resources */,
			);
			buildRules = (
			);
			dependencies = (
			);
			name = "eggplant-brownie";
			productName = "eggplant-brownie";
			productReference = E9D9D43E226567230014CB95 /* eggplant-brownie.app */;
			productType = "com.apple.product-type.application";
		};
		E9D9D451226567250014CB95 /* eggplant-brownieTests */ = {
			isa = PBXNativeTarget;
			buildConfigurationList = E9D9D469226567250014CB95 /* Build configuration list for PBXNativeTarget "eggplant-brownieTests" */;
			buildPhases = (
				E9D9D44E226567250014CB95 /* Sources */,
				E9D9D44F226567250014CB95 /* Frameworks */,
				E9D9D450226567250014CB95 /* Resources */,
			);
			buildRules = (
			);
			dependencies = (
				E9D9D454226567250014CB95 /* PBXTargetDependency */,
			);
			name = "eggplant-brownieTests";
			productName = "eggplant-brownieTests";
			productReference = E9D9D452226567250014CB95 /* eggplant-brownieTests.xctest */;
			productType = "com.apple.product-type.bundle.unit-test";
		};
		E9D9D45C226567250014CB95 /* eggplant-brownieUITests */ = {
			isa = PBXNativeTarget;
			buildConfigurationList = E9D9D46C226567250014CB95 /* Build configuration list for PBXNativeTarget "eggplant-brownieUITests" */;
			buildPhases = (
				E9D9D459226567250014CB95 /* Sources */,
				E9D9D45A226567250014CB95 /* Frameworks */,
				E9D9D45B226567250014CB95 /* Resources */,
			);
			buildRules = (
			);
			dependencies = (
				E9D9D45F226567250014CB95 /* PBXTargetDependency */,
			);
			name = "eggplant-brownieUITests";
			productName = "eggplant-brownieUITests";
			productReference = E9D9D45D226567250014CB95 /* eggplant-brownieUITests.xctest */;
			productType = "com.apple.product-type.bundle.ui-testing";
		};
/* End PBXNativeTarget section */

/* Begin PBXProject section */
		E9D9D436226567230014CB95 /* Project object */ = {
			isa = PBXProject;
			attributes = {
				LastSwiftUpdateCheck = 1020;
				LastUpgradeCheck = 1020;
				ORGANIZATIONNAME = "Maurício de Freitas Sayão";
				TargetAttributes = {
					E9D9D43D226567230014CB95 = {
						CreatedOnToolsVersion = 10.2;
					};
					E9D9D451226567250014CB95 = {
						CreatedOnToolsVersion = 10.2;
						TestTargetID = E9D9D43D226567230014CB95;
					};
					E9D9D45C226567250014CB95 = {
						CreatedOnToolsVersion = 10.2;
						TestTargetID = E9D9D43D226567230014CB95;
					};
				};
			};
			buildConfigurationList = E9D9D439226567230014CB95 /* Build configuration list for PBXProject "eggplant-brownie" */;
			compatibilityVersion = "Xcode 9.3";
			developmentRegion = en;
			hasScannedForEncodings = 0;
			knownRegions = (
				en,
				Base,
			);
			mainGroup = E9D9D435226567230014CB95;
			productRefGroup = E9D9D43F226567230014CB95 /* Products */;
			projectDirPath = "";
			projectRoot = "";
			targets = (
				E9D9D43D226567230014CB95 /* eggplant-brownie */,
				E9D9D451226567250014CB95 /* eggplant-brownieTests */,
				E9D9D45C226567250014CB95 /* eggplant-brownieUITests */,
			);
		};
/* End PBXProject section */

/* Begin PBXResourcesBuildPhase section */
		E9D9D43C226567230014CB95 /* Resources */ = {
			isa = PBXResourcesBuildPhase;
			buildActionMask = 2147483647;
			files = (
				E9D9D44C226567240014CB95 /* LaunchScreen.storyboard in Resources */,
				E960657B226CB8B400AE2FBB /* ItemViewController.xib in Resources */,
				E9D9D449226567240014CB95 /* Assets.xcassets in Resources */,
				E9D9D447226567230014CB95 /* Main.storyboard in Resources */,
			);
			runOnlyForDeploymentPostprocessing = 0;
		};
		E9D9D450226567250014CB95 /* Resources */ = {
			isa = PBXResourcesBuildPhase;
			buildActionMask = 2147483647;
			files = (
			);
			runOnlyForDeploymentPostprocessing = 0;
		};
		E9D9D45B226567250014CB95 /* Resources */ = {
			isa = PBXResourcesBuildPhase;
			buildActionMask = 2147483647;
			files = (
			);
			runOnlyForDeploymentPostprocessing = 0;
		};
/* End PBXResourcesBuildPhase section */

/* Begin PBXSourcesBuildPhase section */
		E9D9D43A226567230014CB95 /* Sources */ = {
			isa = PBXSourcesBuildPhase;
			buildActionMask = 2147483647;
			files = (
				E97ACD1B226FD6000061ABA2 /* Alert.swift in Sources */,
				E960657A226CB8B400AE2FBB /* ItemViewController.swift in Sources */,
				E9BBF0E2226BBE21005BA383 /* MealsTableViewController.swift in Sources */,
				E9E81EC5226A7F7800EDDD74 /* Item.swift in Sources */,
				E9D9D444226567230014CB95 /* ViewController.swift in Sources */,
				E960657D226CDAE300AE2FBB /* AddAnItemDelegate.swift in Sources */,
				E9E81EC3226A7EDE00EDDD74 /* Meal.swift in Sources */,
				E9D9D442226567230014CB95 /* AppDelegate.swift in Sources */,
				E9606577226C937C00AE2FBB /* AddMealDelegate.swift in Sources */,
			);
			runOnlyForDeploymentPostprocessing = 0;
		};
		E9D9D44E226567250014CB95 /* Sources */ = {
			isa = PBXSourcesBuildPhase;
			buildActionMask = 2147483647;
			files = (
				E9D9D457226567250014CB95 /* eggplant_brownieTests.swift in Sources */,
			);
			runOnlyForDeploymentPostprocessing = 0;
		};
		E9D9D459226567250014CB95 /* Sources */ = {
			isa = PBXSourcesBuildPhase;
			buildActionMask = 2147483647;
			files = (
				E9D9D462226567250014CB95 /* eggplant_brownieUITests.swift in Sources */,
			);
			runOnlyForDeploymentPostprocessing = 0;
		};
/* End PBXSourcesBuildPhase section */

/* Begin PBXTargetDependency section */
		E9D9D454226567250014CB95 /* PBXTargetDependency */ = {
			isa = PBXTargetDependency;
			target = E9D9D43D226567230014CB95 /* eggplant-brownie */;
			targetProxy = E9D9D453226567250014CB95 /* PBXContainerItemProxy */;
		};
		E9D9D45F226567250014CB95 /* PBXTargetDependency */ = {
			isa = PBXTargetDependency;
			target = E9D9D43D226567230014CB95 /* eggplant-brownie */;
			targetProxy = E9D9D45E226567250014CB95 /* PBXContainerItemProxy */;
		};
/* End PBXTargetDependency section */

/* Begin PBXVariantGroup section */
		E9D9D445226567230014CB95 /* Main.storyboard */ = {
			isa = PBXVariantGroup;
			children = (
				E9D9D446226567230014CB95 /* Base */,
			);
			name = Main.storyboard;
			sourceTree = "<group>";
		};
		E9D9D44A226567240014CB95 /* LaunchScreen.storyboard */ = {
			isa = PBXVariantGroup;
			children = (
				E9D9D44B226567240014CB95 /* Base */,
			);
			name = LaunchScreen.storyboard;
			sourceTree = "<group>";
		};
/* End PBXVariantGroup section */

/* Begin XCBuildConfiguration section */
		E9D9D464226567250014CB95 /* Debug */ = {
			isa = XCBuildConfiguration;
			buildSettings = {
				ALWAYS_SEARCH_USER_PATHS = NO;
				CLANG_ANALYZER_NONNULL = YES;
				CLANG_ANALYZER_NUMBER_OBJECT_CONVERSION = YES_AGGRESSIVE;
				CLANG_CXX_LANGUAGE_STANDARD = "gnu++14";
				CLANG_CXX_LIBRARY = "libc++";
				CLANG_ENABLE_MODULES = YES;
				CLANG_ENABLE_OBJC_ARC = YES;
				CLANG_ENABLE_OBJC_WEAK = YES;
				CLANG_WARN_BLOCK_CAPTURE_AUTORELEASING = YES;
				CLANG_WARN_BOOL_CONVERSION = YES;
				CLANG_WARN_COMMA = YES;
				CLANG_WARN_CONSTANT_CONVERSION = YES;
				CLANG_WARN_DEPRECATED_OBJC_IMPLEMENTATIONS = YES;
				CLANG_WARN_DIRECT_OBJC_ISA_USAGE = YES_ERROR;
				CLANG_WARN_DOCUMENTATION_COMMENTS = YES;
				CLANG_WARN_EMPTY_BODY = YES;
				CLANG_WARN_ENUM_CONVERSION = YES;
				CLANG_WARN_INFINITE_RECURSION = YES;
				CLANG_WARN_INT_CONVERSION = YES;
				CLANG_WARN_NON_LITERAL_NULL_CONVERSION = YES;
				CLANG_WARN_OBJC_IMPLICIT_RETAIN_SELF = YES;
				CLANG_WARN_OBJC_LITERAL_CONVERSION = YES;
				CLANG_WARN_OBJC_ROOT_CLASS = YES_ERROR;
				CLANG_WARN_RANGE_LOOP_ANALYSIS = YES;
				CLANG_WARN_STRICT_PROTOTYPES = YES;
				CLANG_WARN_SUSPICIOUS_MOVE = YES;
				CLANG_WARN_UNGUARDED_AVAILABILITY = YES_AGGRESSIVE;
				CLANG_WARN_UNREACHABLE_CODE = YES;
				CLANG_WARN__DUPLICATE_METHOD_MATCH = YES;
				CODE_SIGN_IDENTITY = "iPhone Developer";
				COPY_PHASE_STRIP = NO;
				DEBUG_INFORMATION_FORMAT = dwarf;
				ENABLE_STRICT_OBJC_MSGSEND = YES;
				ENABLE_TESTABILITY = YES;
				GCC_C_LANGUAGE_STANDARD = gnu11;
				GCC_DYNAMIC_NO_PIC = NO;
				GCC_NO_COMMON_BLOCKS = YES;
				GCC_OPTIMIZATION_LEVEL = 0;
				GCC_PREPROCESSOR_DEFINITIONS = (
					"DEBUG=1",
					"$(inherited)",
				);
				GCC_WARN_64_TO_32_BIT_CONVERSION = YES;
				GCC_WARN_ABOUT_RETURN_TYPE = YES_ERROR;
				GCC_WARN_UNDECLARED_SELECTOR = YES;
				GCC_WARN_UNINITIALIZED_AUTOS = YES_AGGRESSIVE;
				GCC_WARN_UNUSED_FUNCTION = YES;
				GCC_WARN_UNUSED_VARIABLE = YES;
				IPHONEOS_DEPLOYMENT_TARGET = 12.2;
				MTL_ENABLE_DEBUG_INFO = INCLUDE_SOURCE;
				MTL_FAST_MATH = YES;
				ONLY_ACTIVE_ARCH = YES;
				SDKROOT = iphoneos;
				SWIFT_ACTIVE_COMPILATION_CONDITIONS = DEBUG;
				SWIFT_OPTIMIZATION_LEVEL = "-Onone";
			};
			name = Debug;
		};
		E9D9D465226567250014CB95 /* Release */ = {
			isa = XCBuildConfiguration;
			buildSettings = {
				ALWAYS_SEARCH_USER_PATHS = NO;
				CLANG_ANALYZER_NONNULL = YES;
				CLANG_ANALYZER_NUMBER_OBJECT_CONVERSION = YES_AGGRESSIVE;
				CLANG_CXX_LANGUAGE_STANDARD = "gnu++14";
				CLANG_CXX_LIBRARY = "libc++";
				CLANG_ENABLE_MODULES = YES;
				CLANG_ENABLE_OBJC_ARC = YES;
				CLANG_ENABLE_OBJC_WEAK = YES;
				CLANG_WARN_BLOCK_CAPTURE_AUTORELEASING = YES;
				CLANG_WARN_BOOL_CONVERSION = YES;
				CLANG_WARN_COMMA = YES;
				CLANG_WARN_CONSTANT_CONVERSION = YES;
				CLANG_WARN_DEPRECATED_OBJC_IMPLEMENTATIONS = YES;
				CLANG_WARN_DIRECT_OBJC_ISA_USAGE = YES_ERROR;
				CLANG_WARN_DOCUMENTATION_COMMENTS = YES;
				CLANG_WARN_EMPTY_BODY = YES;
				CLANG_WARN_ENUM_CONVERSION = YES;
				CLANG_WARN_INFINITE_RECURSION = YES;
				CLANG_WARN_INT_CONVERSION = YES;
				CLANG_WARN_NON_LITERAL_NULL_CONVERSION = YES;
				CLANG_WARN_OBJC_IMPLICIT_RETAIN_SELF = YES;
				CLANG_WARN_OBJC_LITERAL_CONVERSION = YES;
				CLANG_WARN_OBJC_ROOT_CLASS = YES_ERROR;
				CLANG_WARN_RANGE_LOOP_ANALYSIS = YES;
				CLANG_WARN_STRICT_PROTOTYPES = YES;
				CLANG_WARN_SUSPICIOUS_MOVE = YES;
				CLANG_WARN_UNGUARDED_AVAILABILITY = YES_AGGRESSIVE;
				CLANG_WARN_UNREACHABLE_CODE = YES;
				CLANG_WARN__DUPLICATE_METHOD_MATCH = YES;
				CODE_SIGN_IDENTITY = "iPhone Developer";
				COPY_PHASE_STRIP = NO;
				DEBUG_INFORMATION_FORMAT = "dwarf-with-dsym";
				ENABLE_NS_ASSERTIONS = NO;
				ENABLE_STRICT_OBJC_MSGSEND = YES;
				GCC_C_LANGUAGE_STANDARD = gnu11;
				GCC_NO_COMMON_BLOCKS = YES;
				GCC_WARN_64_TO_32_BIT_CONVERSION = YES;
				GCC_WARN_ABOUT_RETURN_TYPE = YES_ERROR;
				GCC_WARN_UNDECLARED_SELECTOR = YES;
				GCC_WARN_UNINITIALIZED_AUTOS = YES_AGGRESSIVE;
				GCC_WARN_UNUSED_FUNCTION = YES;
				GCC_WARN_UNUSED_VARIABLE = YES;
				IPHONEOS_DEPLOYMENT_TARGET = 12.2;
				MTL_ENABLE_DEBUG_INFO = NO;
				MTL_FAST_MATH = YES;
				SDKROOT = iphoneos;
				SWIFT_COMPILATION_MODE = wholemodule;
				SWIFT_OPTIMIZATION_LEVEL = "-O";
				VALIDATE_PRODUCT = YES;
			};
			name = Release;
		};
		E9D9D467226567250014CB95 /* Debug */ = {
			isa = XCBuildConfiguration;
			buildSettings = {
				ASSETCATALOG_COMPILER_APPICON_NAME = AppIcon;
				CODE_SIGN_STYLE = Automatic;
				INFOPLIST_FILE = "eggplant-brownie/Info.plist";
				LD_RUNPATH_SEARCH_PATHS = (
					"$(inherited)",
					"@executable_path/Frameworks",
				);
				PRODUCT_BUNDLE_IDENTIFIER = "br.com.mauricio.eggplant-brownie";
				PRODUCT_NAME = "$(TARGET_NAME)";
				SWIFT_VERSION = 5.0;
				TARGETED_DEVICE_FAMILY = "1,2";
			};
			name = Debug;
		};
		E9D9D468226567250014CB95 /* Release */ = {
			isa = XCBuildConfiguration;
			buildSettings = {
				ASSETCATALOG_COMPILER_APPICON_NAME = AppIcon;
				CODE_SIGN_STYLE = Automatic;
				INFOPLIST_FILE = "eggplant-brownie/Info.plist";
				LD_RUNPATH_SEARCH_PATHS = (
					"$(inherited)",
					"@executable_path/Frameworks",
				);
				PRODUCT_BUNDLE_IDENTIFIER = "br.com.mauricio.eggplant-brownie";
				PRODUCT_NAME = "$(TARGET_NAME)";
				SWIFT_VERSION = 5.0;
				TARGETED_DEVICE_FAMILY = "1,2";
			};
			name = Release;
		};
		E9D9D46A226567250014CB95 /* Debug */ = {
			isa = XCBuildConfiguration;
			buildSettings = {
				ALWAYS_EMBED_SWIFT_STANDARD_LIBRARIES = YES;
				BUNDLE_LOADER = "$(TEST_HOST)";
				CODE_SIGN_STYLE = Automatic;
				INFOPLIST_FILE = "eggplant-brownieTests/Info.plist";
				LD_RUNPATH_SEARCH_PATHS = (
					"$(inherited)",
					"@executable_path/Frameworks",
					"@loader_path/Frameworks",
				);
				PRODUCT_BUNDLE_IDENTIFIER = "br.com.mauricio.eggplant-brownieTests";
				PRODUCT_NAME = "$(TARGET_NAME)";
				SWIFT_VERSION = 5.0;
				TARGETED_DEVICE_FAMILY = "1,2";
				TEST_HOST = "$(BUILT_PRODUCTS_DIR)/eggplant-brownie.app/eggplant-brownie";
			};
			name = Debug;
		};
		E9D9D46B226567250014CB95 /* Release */ = {
			isa = XCBuildConfiguration;
			buildSettings = {
				ALWAYS_EMBED_SWIFT_STANDARD_LIBRARIES = YES;
				BUNDLE_LOADER = "$(TEST_HOST)";
				CODE_SIGN_STYLE = Automatic;
				INFOPLIST_FILE = "eggplant-brownieTests/Info.plist";
				LD_RUNPATH_SEARCH_PATHS = (
					"$(inherited)",
					"@executable_path/Frameworks",
					"@loader_path/Frameworks",
				);
				PRODUCT_BUNDLE_IDENTIFIER = "br.com.mauricio.eggplant-brownieTests";
				PRODUCT_NAME = "$(TARGET_NAME)";
				SWIFT_VERSION = 5.0;
				TARGETED_DEVICE_FAMILY = "1,2";
				TEST_HOST = "$(BUILT_PRODUCTS_DIR)/eggplant-brownie.app/eggplant-brownie";
			};
			name = Release;
		};
		E9D9D46D226567250014CB95 /* Debug */ = {
			isa = XCBuildConfiguration;
			buildSettings = {
				ALWAYS_EMBED_SWIFT_STANDARD_LIBRARIES = YES;
				CODE_SIGN_STYLE = Automatic;
				INFOPLIST_FILE = "eggplant-brownieUITests/Info.plist";
				LD_RUNPATH_SEARCH_PATHS = (
					"$(inherited)",
					"@executable_path/Frameworks",
					"@loader_path/Frameworks",
				);
				PRODUCT_BUNDLE_IDENTIFIER = "br.com.mauricio.eggplant-brownieUITests";
				PRODUCT_NAME = "$(TARGET_NAME)";
				SWIFT_VERSION = 5.0;
				TARGETED_DEVICE_FAMILY = "1,2";
				TEST_TARGET_NAME = "eggplant-brownie";
			};
			name = Debug;
		};
		E9D9D46E226567250014CB95 /* Release */ = {
			isa = XCBuildConfiguration;
			buildSettings = {
				ALWAYS_EMBED_SWIFT_STANDARD_LIBRARIES = YES;
				CODE_SIGN_STYLE = Automatic;
				INFOPLIST_FILE = "eggplant-brownieUITests/Info.plist";
				LD_RUNPATH_SEARCH_PATHS = (
					"$(inherited)",
					"@executable_path/Frameworks",
					"@loader_path/Frameworks",
				);
				PRODUCT_BUNDLE_IDENTIFIER = "br.com.mauricio.eggplant-brownieUITests";
				PRODUCT_NAME = "$(TARGET_NAME)";
				SWIFT_VERSION = 5.0;
				TARGETED_DEVICE_FAMILY = "1,2";
				TEST_TARGET_NAME = "eggplant-brownie";
			};
			name = Release;
		};
/* End XCBuildConfiguration section */

/* Begin XCConfigurationList section */
		E9D9D439226567230014CB95 /* Build configuration list for PBXProject "eggplant-brownie" */ = {
			isa = XCConfigurationList;
			buildConfigurations = (
				E9D9D464226567250014CB95 /* Debug */,
				E9D9D465226567250014CB95 /* Release */,
			);
			defaultConfigurationIsVisible = 0;
			defaultConfigurationName = Release;
		};
		E9D9D466226567250014CB95 /* Build configuration list for PBXNativeTarget "eggplant-brownie" */ = {
			isa = XCConfigurationList;
			buildConfigurations = (
				E9D9D467226567250014CB95 /* Debug */,
				E9D9D468226567250014CB95 /* Release */,
			);
			defaultConfigurationIsVisible = 0;
			defaultConfigurationName = Release;
		};
		E9D9D469226567250014CB95 /* Build configuration list for PBXNativeTarget "eggplant-brownieTests" */ = {
			isa = XCConfigurationList;
			buildConfigurations = (
				E9D9D46A226567250014CB95 /* Debug */,
				E9D9D46B226567250014CB95 /* Release */,
			);
			defaultConfigurationIsVisible = 0;
			defaultConfigurationName = Release;
		};
		E9D9D46C226567250014CB95 /* Build configuration list for PBXNativeTarget "eggplant-brownieUITests" */ = {
			isa = XCConfigurationList;
			buildConfigurations = (
				E9D9D46D226567250014CB95 /* Debug */,
				E9D9D46E226567250014CB95 /* Release */,
			);
			defaultConfigurationIsVisible = 0;
			defaultConfigurationName = Release;
		};
/* End XCConfigurationList section */
	};
	rootObject = E9D9D436226567230014CB95 /* Project object */;
}
